
Microsoft Visual Studio Solution File, Format Version 12.00
# Visual Studio Version 17
VisualStudioVersion = 17.5.002.0
MinimumVisualStudioVersion = 10.0.40219.1
Project("{9A19103F-16F7-4668-BE54-9A1E7A4F7556}") = "PoliNetwork.Bot", "PoliNetwork.Bot.csproj", "{28A330C7-DECA-4E9E-9B1F-40D446E93FCB}"
EndProject
Project("{FAE04EC0-301F-11D3-BF4B-00C04F79EFBC}") = "PoliNetwork.TestBot", "PoliNetwork.TestBot\PoliNetwork.TestBot.csproj", "{5B193825-AEBF-4B01-9DF0-C7DC3634E55B}"
EndProject
Global
	GlobalSection(SolutionConfigurationPlatforms) = preSolution
		Debug|Any CPU = Debug|Any CPU
		Release|Any CPU = Release|Any CPU
	EndGlobalSection
	GlobalSection(ProjectConfigurationPlatforms) = postSolution
		{28A330C7-DECA-4E9E-9B1F-40D446E93FCB}.Debug|Any CPU.ActiveCfg = Debug|Any CPU
		{28A330C7-DECA-4E9E-9B1F-40D446E93FCB}.Debug|Any CPU.Build.0 = Debug|Any CPU
		{28A330C7-DECA-4E9E-9B1F-40D446E93FCB}.Release|Any CPU.ActiveCfg = Release|Any CPU
		{28A330C7-DECA-4E9E-9B1F-40D446E93FCB}.Release|Any CPU.Build.0 = Release|Any CPU
		{5B193825-AEBF-4B01-9DF0-C7DC3634E55B}.Debug|Any CPU.ActiveCfg = Debug|Any CPU
		{5B193825-AEBF-4B01-9DF0-C7DC3634E55B}.Debug|Any CPU.Build.0 = Debug|Any CPU
		{5B193825-AEBF-4B01-9DF0-C7DC3634E55B}.Release|Any CPU.ActiveCfg = Release|Any CPU
		{5B193825-AEBF-4B01-9DF0-C7DC3634E55B}.Release|Any CPU.Build.0 = Release|Any CPU
	EndGlobalSection
	GlobalSection(SolutionProperties) = preSolution
		HideSolutionNode = FALSE
	EndGlobalSection
	GlobalSection(ExtensibilityGlobals) = postSolution
		SolutionGuid = {DCC3CDA9-D3EF-4A02-BBB3-E97FE0397C1F}
	EndGlobalSection
EndGlobal
