
Microsoft Visual Studio Solution File, Format Version 12.00
Project("{FAE04EC0-301F-11D3-BF4B-00C04F79EFBC}") = "ModerationTest", "Test\ModerationTest.csproj", "{450E3AFE-770C-4292-8106-FCA7932A4F19}"
EndProject
Project("{FAE04EC0-301F-11D3-BF4B-00C04F79EFBC}") = "PoliNetwork.Core", "Main\Lib_CSharp\PoliNetwork.Core\src\PoliNetwork.Core.csproj", "{DD42BD4C-BED9-4C14-A84A-1A762B261C7F}"
EndProject
Project("{FAE04EC0-301F-11D3-BF4B-00C04F79EFBC}") = "PoliNetwork.Db", "Main\Lib_CSharp\PoliNetwork.Db\src\PoliNetwork.Db.csproj", "{A20EF6F3-EF55-4808-BD51-83FA8673C588}"
EndProject
Project("{FAE04EC0-301F-11D3-BF4B-00C04F79EFBC}") = "PoliNetwork.Telegram", "Main\Lib_CSharp\PoliNetwork.Telegram\src\PoliNetwork.Telegram.csproj", "{5B8AA166-0B9A-4027-933F-BE48E822A8DA}"
EndProject
Project("{FAE04EC0-301F-11D3-BF4B-00C04F79EFBC}") = "Moderation", "Main\Moderation.csproj", "{2929C197-BBCB-49DB-8C21-8F1ACA7F3514}"
EndProject
Global
	GlobalSection(SolutionConfigurationPlatforms) = preSolution
		Debug|Any CPU = Debug|Any CPU
		Release|Any CPU = Release|Any CPU
	EndGlobalSection
	GlobalSection(ProjectConfigurationPlatforms) = postSolution
		{450E3AFE-770C-4292-8106-FCA7932A4F19}.Debug|Any CPU.ActiveCfg = Debug|Any CPU
		{450E3AFE-770C-4292-8106-FCA7932A4F19}.Debug|Any CPU.Build.0 = Debug|Any CPU
		{450E3AFE-770C-4292-8106-FCA7932A4F19}.Release|Any CPU.ActiveCfg = Release|Any CPU
		{450E3AFE-770C-4292-8106-FCA7932A4F19}.Release|Any CPU.Build.0 = Release|Any CPU
		{DD42BD4C-BED9-4C14-A84A-1A762B261C7F}.Debug|Any CPU.ActiveCfg = Debug|Any CPU
		{DD42BD4C-BED9-4C14-A84A-1A762B261C7F}.Debug|Any CPU.Build.0 = Debug|Any CPU
		{DD42BD4C-BED9-4C14-A84A-1A762B261C7F}.Release|Any CPU.ActiveCfg = Release|Any CPU
		{DD42BD4C-BED9-4C14-A84A-1A762B261C7F}.Release|Any CPU.Build.0 = Release|Any CPU
		{A20EF6F3-EF55-4808-BD51-83FA8673C588}.Debug|Any CPU.ActiveCfg = Debug|Any CPU
		{A20EF6F3-EF55-4808-BD51-83FA8673C588}.Debug|Any CPU.Build.0 = Debug|Any CPU
		{A20EF6F3-EF55-4808-BD51-83FA8673C588}.Release|Any CPU.ActiveCfg = Release|Any CPU
		{A20EF6F3-EF55-4808-BD51-83FA8673C588}.Release|Any CPU.Build.0 = Release|Any CPU
		{5B8AA166-0B9A-4027-933F-BE48E822A8DA}.Debug|Any CPU.ActiveCfg = Debug|Any CPU
		{5B8AA166-0B9A-4027-933F-BE48E822A8DA}.Debug|Any CPU.Build.0 = Debug|Any CPU
		{5B8AA166-0B9A-4027-933F-BE48E822A8DA}.Release|Any CPU.ActiveCfg = Release|Any CPU
		{5B8AA166-0B9A-4027-933F-BE48E822A8DA}.Release|Any CPU.Build.0 = Release|Any CPU
		{2929C197-BBCB-49DB-8C21-8F1ACA7F3514}.Debug|Any CPU.ActiveCfg = Debug|Any CPU
		{2929C197-BBCB-49DB-8C21-8F1ACA7F3514}.Debug|Any CPU.Build.0 = Debug|Any CPU
		{2929C197-BBCB-49DB-8C21-8F1ACA7F3514}.Release|Any CPU.ActiveCfg = Release|Any CPU
		{2929C197-BBCB-49DB-8C21-8F1ACA7F3514}.Release|Any CPU.Build.0 = Release|Any CPU
	EndGlobalSection
EndGlobal
