
Microsoft Visual Studio Solution File, Format Version 12.00
Project("{FAE04EC0-301F-11D3-BF4B-00C04F79EFBC}") = "Moderation", "Moderation\Moderation.csproj", "{C28EF231-412A-4FE9-88C3-C47FC362BDFC}"
EndProject
Project("{FAE04EC0-301F-11D3-BF4B-00C04F79EFBC}") = "ModerationTest", "ModerationTest\ModerationTest.csproj", "{904CB386-4B14-4A1F-A356-50380A4963A9}"
EndProject
Project("{FAE04EC0-301F-11D3-BF4B-00C04F79EFBC}") = "PoliNetwork.Core", "Moderation\Lib_CSharp\PoliNetwork.Core\src\PoliNetwork.Core.csproj", "{A987C703-A642-4D6D-9380-FBC140EB6A52}"
EndProject
Project("{FAE04EC0-301F-11D3-BF4B-00C04F79EFBC}") = "PoliNetwork.Telegram", "Moderation\Lib_CSharp\PoliNetwork.Telegram\src\PoliNetwork.Telegram.csproj", "{38E88883-3571-4CF5-A7D3-8237B8588AAA}"
EndProject
Project("{FAE04EC0-301F-11D3-BF4B-00C04F79EFBC}") = "PoliNetwork.Db", "Moderation\Lib_CSharp\PoliNetwork.Db\src\PoliNetwork.Db.csproj", "{E2A86DD9-3A27-474B-B16E-8E9139DD70E9}"
EndProject
Global
	GlobalSection(SolutionConfigurationPlatforms) = preSolution
		Debug|Any CPU = Debug|Any CPU
		Release|Any CPU = Release|Any CPU
	EndGlobalSection
	GlobalSection(ProjectConfigurationPlatforms) = postSolution
		{C28EF231-412A-4FE9-88C3-C47FC362BDFC}.Debug|Any CPU.ActiveCfg = Debug|Any CPU
		{C28EF231-412A-4FE9-88C3-C47FC362BDFC}.Debug|Any CPU.Build.0 = Debug|Any CPU
		{C28EF231-412A-4FE9-88C3-C47FC362BDFC}.Release|Any CPU.ActiveCfg = Release|Any CPU
		{C28EF231-412A-4FE9-88C3-C47FC362BDFC}.Release|Any CPU.Build.0 = Release|Any CPU
		{904CB386-4B14-4A1F-A356-50380A4963A9}.Debug|Any CPU.ActiveCfg = Debug|Any CPU
		{904CB386-4B14-4A1F-A356-50380A4963A9}.Debug|Any CPU.Build.0 = Debug|Any CPU
		{904CB386-4B14-4A1F-A356-50380A4963A9}.Release|Any CPU.ActiveCfg = Release|Any CPU
		{904CB386-4B14-4A1F-A356-50380A4963A9}.Release|Any CPU.Build.0 = Release|Any CPU
		{A987C703-A642-4D6D-9380-FBC140EB6A52}.Debug|Any CPU.ActiveCfg = Debug|Any CPU
		{A987C703-A642-4D6D-9380-FBC140EB6A52}.Debug|Any CPU.Build.0 = Debug|Any CPU
		{A987C703-A642-4D6D-9380-FBC140EB6A52}.Release|Any CPU.ActiveCfg = Release|Any CPU
		{A987C703-A642-4D6D-9380-FBC140EB6A52}.Release|Any CPU.Build.0 = Release|Any CPU
		{38E88883-3571-4CF5-A7D3-8237B8588AAA}.Debug|Any CPU.ActiveCfg = Debug|Any CPU
		{38E88883-3571-4CF5-A7D3-8237B8588AAA}.Debug|Any CPU.Build.0 = Debug|Any CPU
		{38E88883-3571-4CF5-A7D3-8237B8588AAA}.Release|Any CPU.ActiveCfg = Release|Any CPU
		{38E88883-3571-4CF5-A7D3-8237B8588AAA}.Release|Any CPU.Build.0 = Release|Any CPU
		{E2A86DD9-3A27-474B-B16E-8E9139DD70E9}.Debug|Any CPU.ActiveCfg = Debug|Any CPU
		{E2A86DD9-3A27-474B-B16E-8E9139DD70E9}.Debug|Any CPU.Build.0 = Debug|Any CPU
		{E2A86DD9-3A27-474B-B16E-8E9139DD70E9}.Release|Any CPU.ActiveCfg = Release|Any CPU
		{E2A86DD9-3A27-474B-B16E-8E9139DD70E9}.Release|Any CPU.Build.0 = Release|Any CPU
	EndGlobalSection
EndGlobal
