
Microsoft Visual Studio Solution File, Format Version 12.00
Project("{FAE04EC0-301F-11D3-BF4B-00C04F79EFBC}") = "PoliNetwork.Core", "PoliNetwork.Core\PoliNetwork.Core.csproj", "{9BD81564-4451-4145-9FB5-62759561126D}"
EndProject
Project("{FAE04EC0-301F-11D3-BF4B-00C04F79EFBC}") = "PoliNetwork.Telegram", "PoliNetwork.Telegram\PoliNetwork.Telegram.csproj", "{3E21EC47-1150-4867-93AD-FAA9C8BC50BA}"
EndProject
Project("{FAE04EC0-301F-11D3-BF4B-00C04F79EFBC}") = "PoliNetwork.Db", "PoliNetwork.Db\PoliNetwork.Db.csproj", "{23142DB6-7D60-4132-ADFE-4D26A30E4A21}"
EndProject
Global
	GlobalSection(SolutionConfigurationPlatforms) = preSolution
		Debug|Any CPU = Debug|Any CPU
		Release|Any CPU = Release|Any CPU
	EndGlobalSection
	GlobalSection(ProjectConfigurationPlatforms) = postSolution
		{9BD81564-4451-4145-9FB5-62759561126D}.Debug|Any CPU.ActiveCfg = Debug|Any CPU
		{9BD81564-4451-4145-9FB5-62759561126D}.Debug|Any CPU.Build.0 = Debug|Any CPU
		{9BD81564-4451-4145-9FB5-62759561126D}.Release|Any CPU.ActiveCfg = Release|Any CPU
		{9BD81564-4451-4145-9FB5-62759561126D}.Release|Any CPU.Build.0 = Release|Any CPU
		{3E21EC47-1150-4867-93AD-FAA9C8BC50BA}.Debug|Any CPU.ActiveCfg = Debug|Any CPU
		{3E21EC47-1150-4867-93AD-FAA9C8BC50BA}.Debug|Any CPU.Build.0 = Debug|Any CPU
		{3E21EC47-1150-4867-93AD-FAA9C8BC50BA}.Release|Any CPU.ActiveCfg = Release|Any CPU
		{3E21EC47-1150-4867-93AD-FAA9C8BC50BA}.Release|Any CPU.Build.0 = Release|Any CPU
		{23142DB6-7D60-4132-ADFE-4D26A30E4A21}.Debug|Any CPU.ActiveCfg = Debug|Any CPU
		{23142DB6-7D60-4132-ADFE-4D26A30E4A21}.Debug|Any CPU.Build.0 = Debug|Any CPU
		{23142DB6-7D60-4132-ADFE-4D26A30E4A21}.Release|Any CPU.ActiveCfg = Release|Any CPU
		{23142DB6-7D60-4132-ADFE-4D26A30E4A21}.Release|Any CPU.Build.0 = Release|Any CPU
	EndGlobalSection
EndGlobal
